
Microsoft Visual Studio Solution File, Format Version 12.00
# Visual Studio Version 18
VisualStudioVersion = 18.0.11205.157
MinimumVisualStudioVersion = 10.0.40219.1
Project("{FAE04EC0-301F-11D3-BF4B-00C04F79EFBC}") = "NetLaboratory", "NetLaboratory.csproj", "{A4DFA4A4-7ED0-4980-AC88-B7608351D2E0}"
EndProject
Project("{FAE04EC0-301F-11D3-BF4B-00C04F79EFBC}") = "LeetCode", "..\LeetCode\LeetCode.csproj", "{0216B396-C0FA-4DEB-BBA0-74F7E6D16C60}"
EndProject
Project("{FAE04EC0-301F-11D3-BF4B-00C04F79EFBC}") = "WpfControls", "..\WpfControls\WpfControls.csproj", "{2F3707FD-C511-4CCA-9502-E14BDC7BC277}"
EndProject
Project("{FAE04EC0-301F-11D3-BF4B-00C04F79EFBC}") = "Utils", "..\Utils\Utils.csproj", "{ECE3E2D0-46A3-42AB-9F8A-685055069922}"
EndProject
Project("{FAE04EC0-301F-11D3-BF4B-00C04F79EFBC}") = "WebapiStandard", "..\..\webapiStandard\WebapiStandard\WebapiStandard.csproj", "{53F2BA59-C523-59BA-1EBE-15F866AA5D6D}"
EndProject
Project("{2150E333-8FDC-42A3-9474-1A3956D46DE8}") = "servers", "servers", "{02EA681E-C7D8-13C7-8484-4AC65E1B71E8}"
EndProject
Project("{FAE04EC0-301F-11D3-BF4B-00C04F79EFBC}") = "Logging", "..\Logging\Logging.csproj", "{E9E3158A-DD12-4722-A969-0A54034F8613}"
EndProject
Project("{2150E333-8FDC-42A3-9474-1A3956D46DE8}") = "WPF", "WPF", "{F3DC0E91-92E9-4077-AC7F-E09292D438A9}"
EndProject
Project("{FAE04EC0-301F-11D3-BF4B-00C04F79EFBC}") = "Messaging", "..\..\messaging\Messaging\Messaging.csproj", "{03A40A2C-CDCC-092F-C481-1E1F111D6C0F}"
EndProject
Project("{2150E333-8FDC-42A3-9474-1A3956D46DE8}") = "EF", "EF", "{686BDA1F-50AD-41D9-88FE-EAEDF2682790}"
EndProject
Project("{FAE04EC0-301F-11D3-BF4B-00C04F79EFBC}") = "Db.React.Study", "..\Db.React.Study\Db.React.Study.csproj", "{A46CF1A0-C328-450D-8133-975EEFA934D1}"
EndProject
Project("{2150E333-8FDC-42A3-9474-1A3956D46DE8}") = "services", "services", "{5BBA4DFC-CFBF-4490-8201-F71CC3D0DC0B}"
EndProject
Project("{FAE04EC0-301F-11D3-BF4B-00C04F79EFBC}") = "React.Study", "..\React.Study\React.Study.csproj", "{3A9C5A76-30FD-48C1-B766-0D8741CC3E7C}"
EndProject
Project("{2150E333-8FDC-42A3-9474-1A3956D46DE8}") = "tools", "tools", "{3C17E76E-8326-4389-A86B-48D0C2532FAE}"
EndProject
Project("{FAE04EC0-301F-11D3-BF4B-00C04F79EFBC}") = "ImageToXaml", "..\ImageToXaml\ImageToXaml.csproj", "{8195C527-7D1C-4D5F-B44D-22448F788E82}"
EndProject
Project("{2150E333-8FDC-42A3-9474-1A3956D46DE8}") = "unittests", "unittests", "{41FC75EE-328D-40FC-A025-C11EFE656175}"
EndProject
Project("{FAE04EC0-301F-11D3-BF4B-00C04F79EFBC}") = "LeetCode.Tests", "..\LeetCode.Tests\LeetCode.Tests.csproj", "{49B73630-97ED-43CE-AC23-5E21CDC6A182}"
EndProject
Project("{FAE04EC0-301F-11D3-BF4B-00C04F79EFBC}") = "Repository.Core", "..\Repository.Core\Repository.Core.csproj", "{DFE9FE9A-B1B8-40A9-88C9-1CF8232E1638}"
EndProject
Project("{FAE04EC0-301F-11D3-BF4B-00C04F79EFBC}") = "WpfWidgets", "..\WpfWidgets\WpfWidgets.csproj", "{FACAC19D-8795-46CC-87FE-EC34FE1AAA06}"
EndProject
Global
	GlobalSection(SolutionConfigurationPlatforms) = preSolution
		Debug|Any CPU = Debug|Any CPU
		Release|Any CPU = Release|Any CPU
	EndGlobalSection
	GlobalSection(ProjectConfigurationPlatforms) = postSolution
		{A4DFA4A4-7ED0-4980-AC88-B7608351D2E0}.Debug|Any CPU.ActiveCfg = Debug|Any CPU
		{A4DFA4A4-7ED0-4980-AC88-B7608351D2E0}.Debug|Any CPU.Build.0 = Debug|Any CPU
		{A4DFA4A4-7ED0-4980-AC88-B7608351D2E0}.Release|Any CPU.ActiveCfg = Release|Any CPU
		{A4DFA4A4-7ED0-4980-AC88-B7608351D2E0}.Release|Any CPU.Build.0 = Release|Any CPU
		{0216B396-C0FA-4DEB-BBA0-74F7E6D16C60}.Debug|Any CPU.ActiveCfg = Debug|Any CPU
		{0216B396-C0FA-4DEB-BBA0-74F7E6D16C60}.Debug|Any CPU.Build.0 = Debug|Any CPU
		{0216B396-C0FA-4DEB-BBA0-74F7E6D16C60}.Release|Any CPU.ActiveCfg = Release|Any CPU
		{0216B396-C0FA-4DEB-BBA0-74F7E6D16C60}.Release|Any CPU.Build.0 = Release|Any CPU
		{2F3707FD-C511-4CCA-9502-E14BDC7BC277}.Debug|Any CPU.ActiveCfg = Debug|Any CPU
		{2F3707FD-C511-4CCA-9502-E14BDC7BC277}.Debug|Any CPU.Build.0 = Debug|Any CPU
		{2F3707FD-C511-4CCA-9502-E14BDC7BC277}.Release|Any CPU.ActiveCfg = Release|Any CPU
		{2F3707FD-C511-4CCA-9502-E14BDC7BC277}.Release|Any CPU.Build.0 = Release|Any CPU
		{ECE3E2D0-46A3-42AB-9F8A-685055069922}.Debug|Any CPU.ActiveCfg = Debug|Any CPU
		{ECE3E2D0-46A3-42AB-9F8A-685055069922}.Debug|Any CPU.Build.0 = Debug|Any CPU
		{ECE3E2D0-46A3-42AB-9F8A-685055069922}.Release|Any CPU.ActiveCfg = Release|Any CPU
		{ECE3E2D0-46A3-42AB-9F8A-685055069922}.Release|Any CPU.Build.0 = Release|Any CPU
		{53F2BA59-C523-59BA-1EBE-15F866AA5D6D}.Debug|Any CPU.ActiveCfg = Debug|Any CPU
		{53F2BA59-C523-59BA-1EBE-15F866AA5D6D}.Debug|Any CPU.Build.0 = Debug|Any CPU
		{53F2BA59-C523-59BA-1EBE-15F866AA5D6D}.Release|Any CPU.ActiveCfg = Release|Any CPU
		{53F2BA59-C523-59BA-1EBE-15F866AA5D6D}.Release|Any CPU.Build.0 = Release|Any CPU
		{E9E3158A-DD12-4722-A969-0A54034F8613}.Debug|Any CPU.ActiveCfg = Debug|Any CPU
		{E9E3158A-DD12-4722-A969-0A54034F8613}.Debug|Any CPU.Build.0 = Debug|Any CPU
		{E9E3158A-DD12-4722-A969-0A54034F8613}.Release|Any CPU.ActiveCfg = Release|Any CPU
		{E9E3158A-DD12-4722-A969-0A54034F8613}.Release|Any CPU.Build.0 = Release|Any CPU
		{03A40A2C-CDCC-092F-C481-1E1F111D6C0F}.Debug|Any CPU.ActiveCfg = Debug|Any CPU
		{03A40A2C-CDCC-092F-C481-1E1F111D6C0F}.Debug|Any CPU.Build.0 = Debug|Any CPU
		{03A40A2C-CDCC-092F-C481-1E1F111D6C0F}.Release|Any CPU.ActiveCfg = Release|Any CPU
		{03A40A2C-CDCC-092F-C481-1E1F111D6C0F}.Release|Any CPU.Build.0 = Release|Any CPU
		{A46CF1A0-C328-450D-8133-975EEFA934D1}.Debug|Any CPU.ActiveCfg = Debug|Any CPU
		{A46CF1A0-C328-450D-8133-975EEFA934D1}.Debug|Any CPU.Build.0 = Debug|Any CPU
		{A46CF1A0-C328-450D-8133-975EEFA934D1}.Release|Any CPU.ActiveCfg = Release|Any CPU
		{A46CF1A0-C328-450D-8133-975EEFA934D1}.Release|Any CPU.Build.0 = Release|Any CPU
		{3A9C5A76-30FD-48C1-B766-0D8741CC3E7C}.Debug|Any CPU.ActiveCfg = Debug|Any CPU
		{3A9C5A76-30FD-48C1-B766-0D8741CC3E7C}.Debug|Any CPU.Build.0 = Debug|Any CPU
		{3A9C5A76-30FD-48C1-B766-0D8741CC3E7C}.Release|Any CPU.ActiveCfg = Release|Any CPU
		{3A9C5A76-30FD-48C1-B766-0D8741CC3E7C}.Release|Any CPU.Build.0 = Release|Any CPU
		{8195C527-7D1C-4D5F-B44D-22448F788E82}.Debug|Any CPU.ActiveCfg = Debug|Any CPU
		{8195C527-7D1C-4D5F-B44D-22448F788E82}.Debug|Any CPU.Build.0 = Debug|Any CPU
		{8195C527-7D1C-4D5F-B44D-22448F788E82}.Release|Any CPU.ActiveCfg = Release|Any CPU
		{8195C527-7D1C-4D5F-B44D-22448F788E82}.Release|Any CPU.Build.0 = Release|Any CPU
		{49B73630-97ED-43CE-AC23-5E21CDC6A182}.Debug|Any CPU.ActiveCfg = Debug|Any CPU
		{49B73630-97ED-43CE-AC23-5E21CDC6A182}.Debug|Any CPU.Build.0 = Debug|Any CPU
		{49B73630-97ED-43CE-AC23-5E21CDC6A182}.Release|Any CPU.ActiveCfg = Release|Any CPU
		{49B73630-97ED-43CE-AC23-5E21CDC6A182}.Release|Any CPU.Build.0 = Release|Any CPU
		{DFE9FE9A-B1B8-40A9-88C9-1CF8232E1638}.Debug|Any CPU.ActiveCfg = Debug|Any CPU
		{DFE9FE9A-B1B8-40A9-88C9-1CF8232E1638}.Debug|Any CPU.Build.0 = Debug|Any CPU
		{DFE9FE9A-B1B8-40A9-88C9-1CF8232E1638}.Release|Any CPU.ActiveCfg = Release|Any CPU
		{DFE9FE9A-B1B8-40A9-88C9-1CF8232E1638}.Release|Any CPU.Build.0 = Release|Any CPU
		{FACAC19D-8795-46CC-87FE-EC34FE1AAA06}.Debug|Any CPU.ActiveCfg = Debug|Any CPU
		{FACAC19D-8795-46CC-87FE-EC34FE1AAA06}.Debug|Any CPU.Build.0 = Debug|Any CPU
		{FACAC19D-8795-46CC-87FE-EC34FE1AAA06}.Release|Any CPU.ActiveCfg = Release|Any CPU
		{FACAC19D-8795-46CC-87FE-EC34FE1AAA06}.Release|Any CPU.Build.0 = Release|Any CPU
	EndGlobalSection
	GlobalSection(SolutionProperties) = preSolution
		HideSolutionNode = FALSE
	EndGlobalSection
	GlobalSection(NestedProjects) = preSolution
		{2F3707FD-C511-4CCA-9502-E14BDC7BC277} = {F3DC0E91-92E9-4077-AC7F-E09292D438A9}
		{53F2BA59-C523-59BA-1EBE-15F866AA5D6D} = {02EA681E-C7D8-13C7-8484-4AC65E1B71E8}
		{A46CF1A0-C328-450D-8133-975EEFA934D1} = {686BDA1F-50AD-41D9-88FE-EAEDF2682790}
		{3A9C5A76-30FD-48C1-B766-0D8741CC3E7C} = {5BBA4DFC-CFBF-4490-8201-F71CC3D0DC0B}
		{8195C527-7D1C-4D5F-B44D-22448F788E82} = {3C17E76E-8326-4389-A86B-48D0C2532FAE}
		{49B73630-97ED-43CE-AC23-5E21CDC6A182} = {41FC75EE-328D-40FC-A025-C11EFE656175}
		{DFE9FE9A-B1B8-40A9-88C9-1CF8232E1638} = {686BDA1F-50AD-41D9-88FE-EAEDF2682790}
		{FACAC19D-8795-46CC-87FE-EC34FE1AAA06} = {F3DC0E91-92E9-4077-AC7F-E09292D438A9}
	EndGlobalSection
	GlobalSection(ExtensibilityGlobals) = postSolution
		SolutionGuid = {9826177B-ACD0-4532-9B98-9DA1D5883145}
	EndGlobalSection
EndGlobal
